// !$*UTF8*$!
{
	archiveVersion = 1;
	classes = {
	};
	objectVersion = 56;
	objects = {

/* Begin PBXBuildFile section */
		7E15155B29FBF2630084DEC2 /* Loader.swift in Sources */ = {isa = PBXBuildFile; fileRef = 7E15155829FBF2630084DEC2 /* Loader.swift */; };
		7E15155C29FBF2630084DEC2 /* StandardButton.swift in Sources */ = {isa = PBXBuildFile; fileRef = 7E15155929FBF2630084DEC2 /* StandardButton.swift */; };
		7E15155D29FBF2630084DEC2 /* StandardTextField.swift in Sources */ = {isa = PBXBuildFile; fileRef = 7E15155A29FBF2630084DEC2 /* StandardTextField.swift */; };
		7E15156129FBF2710084DEC2 /* ViewModifier+DefaultPadding.swift in Sources */ = {isa = PBXBuildFile; fileRef = 7E15155F29FBF2710084DEC2 /* ViewModifier+DefaultPadding.swift */; };
		7E15156229FBF2710084DEC2 /* String+PhoneFormatter.swift in Sources */ = {isa = PBXBuildFile; fileRef = 7E15156029FBF2710084DEC2 /* String+PhoneFormatter.swift */; };
		7E15156629FBF2800084DEC2 /* TabBarView.swift in Sources */ = {isa = PBXBuildFile; fileRef = 7E15156429FBF2800084DEC2 /* TabBarView.swift */; };
		7E15156729FBF2800084DEC2 /* TabViewModel.swift in Sources */ = {isa = PBXBuildFile; fileRef = 7E15156529FBF2800084DEC2 /* TabViewModel.swift */; };
		7E15156F29FBF2BA0084DEC2 /* LoginViewModel.swift in Sources */ = {isa = PBXBuildFile; fileRef = 7E15156A29FBF2BA0084DEC2 /* LoginViewModel.swift */; };
		7E15157029FBF2BA0084DEC2 /* DefaultCredentials.swift in Sources */ = {isa = PBXBuildFile; fileRef = 7E15156C29FBF2BA0084DEC2 /* DefaultCredentials.swift */; };
		7E15157129FBF2BA0084DEC2 /* AlertModel.swift in Sources */ = {isa = PBXBuildFile; fileRef = 7E15156D29FBF2BA0084DEC2 /* AlertModel.swift */; };
		7E15157229FBF2BA0084DEC2 /* LoginScreen.swift in Sources */ = {isa = PBXBuildFile; fileRef = 7E15156E29FBF2BA0084DEC2 /* LoginScreen.swift */; };
		7E15157729FBF4790084DEC2 /* LoadingState.swift in Sources */ = {isa = PBXBuildFile; fileRef = 7E15157529FBF4790084DEC2 /* LoadingState.swift */; };
		7E15157829FBF4790084DEC2 /* PersonalInfoModel.swift in Sources */ = {isa = PBXBuildFile; fileRef = 7E15157629FBF4790084DEC2 /* PersonalInfoModel.swift */; };
		7E15157B29FBF4950084DEC2 /* ProfileScreen.swift in Sources */ = {isa = PBXBuildFile; fileRef = 7E15157929FBF4950084DEC2 /* ProfileScreen.swift */; };
		7E15157C29FBF4950084DEC2 /* ProfileViewModel.swift in Sources */ = {isa = PBXBuildFile; fileRef = 7E15157A29FBF4950084DEC2 /* ProfileViewModel.swift */; };
		7E15157E29FBF5970084DEC2 /* Tab.swift in Sources */ = {isa = PBXBuildFile; fileRef = 7E15157D29FBF5970084DEC2 /* Tab.swift */; };
		7E15158429FC36AF0084DEC2 /* ProfileService.swift in Sources */ = {isa = PBXBuildFile; fileRef = 7E15158229FC36AF0084DEC2 /* ProfileService.swift */; };
		7E15158529FC36AF0084DEC2 /* ProfileResponseModel.swift in Sources */ = {isa = PBXBuildFile; fileRef = 7E15158329FC36AF0084DEC2 /* ProfileResponseModel.swift */; };
		7E15158829FC4F360084DEC2 /* ConfirmationDialogModel.swift in Sources */ = {isa = PBXBuildFile; fileRef = 7E15158729FC4F360084DEC2 /* ConfirmationDialogModel.swift */; };
		7E1A16A32A0105A500ECBB1B /* LoginViewModelTests.swift in Sources */ = {isa = PBXBuildFile; fileRef = 7E1A16A22A0105A500ECBB1B /* LoginViewModelTests.swift */; };
		7E1A16A92A0107F300ECBB1B /* LoginViewModel.swift in Sources */ = {isa = PBXBuildFile; fileRef = 7E15156A29FBF2BA0084DEC2 /* LoginViewModel.swift */; };
		7E1A16AA2A010A5200ECBB1B /* AlertModel.swift in Sources */ = {isa = PBXBuildFile; fileRef = 7E15156D29FBF2BA0084DEC2 /* AlertModel.swift */; };
		7E1A16AB2A010A5D00ECBB1B /* DefaultCredentials.swift in Sources */ = {isa = PBXBuildFile; fileRef = 7E15156C29FBF2BA0084DEC2 /* DefaultCredentials.swift */; };
		7E1A16E62A0110E300ECBB1B /* ProfileViewModelTests.swift in Sources */ = {isa = PBXBuildFile; fileRef = 7E1A16E52A0110E300ECBB1B /* ProfileViewModelTests.swift */; };
		7E1A16E72A01112700ECBB1B /* ProfileViewModel.swift in Sources */ = {isa = PBXBuildFile; fileRef = 7E15157A29FBF4950084DEC2 /* ProfileViewModel.swift */; };
		7E1A16E82A01112900ECBB1B /* PersonalInfoModel.swift in Sources */ = {isa = PBXBuildFile; fileRef = 7E15157629FBF4790084DEC2 /* PersonalInfoModel.swift */; };
		7E1A16E92A01112D00ECBB1B /* ProfileResponseModel.swift in Sources */ = {isa = PBXBuildFile; fileRef = 7E15158329FC36AF0084DEC2 /* ProfileResponseModel.swift */; };
		7E1A16EA2A01112F00ECBB1B /* ProfileService.swift in Sources */ = {isa = PBXBuildFile; fileRef = 7E15158229FC36AF0084DEC2 /* ProfileService.swift */; };
		7E1A16EB2A0115E900ECBB1B /* LoadingState.swift in Sources */ = {isa = PBXBuildFile; fileRef = 7E15157529FBF4790084DEC2 /* LoadingState.swift */; };
		7E1A16EC2A0115F600ECBB1B /* ConfirmationDialogModel.swift in Sources */ = {isa = PBXBuildFile; fileRef = 7E15158729FC4F360084DEC2 /* ConfirmationDialogModel.swift */; };
		7E1A16ED2A01160F00ECBB1B /* String+PhoneFormatter.swift in Sources */ = {isa = PBXBuildFile; fileRef = 7E15156029FBF2710084DEC2 /* String+PhoneFormatter.swift */; };
		7E6B32F429F915DB000AA189 /* Demo_mvvmApp.swift in Sources */ = {isa = PBXBuildFile; fileRef = 7E6B32F329F915DB000AA189 /* Demo_mvvmApp.swift */; };
		7E6B32F829F915DC000AA189 /* Assets.xcassets in Resources */ = {isa = PBXBuildFile; fileRef = 7E6B32F729F915DC000AA189 /* Assets.xcassets */; };
		7E6B32FB29F915DC000AA189 /* Preview Assets.xcassets in Resources */ = {isa = PBXBuildFile; fileRef = 7E6B32FA29F915DC000AA189 /* Preview Assets.xcassets */; };
/* End PBXBuildFile section */

/* Begin PBXContainerItemProxy section */
		7E1A16A42A0105A500ECBB1B /* PBXContainerItemProxy */ = {
			isa = PBXContainerItemProxy;
			containerPortal = 7E6B32E829F915DB000AA189 /* Project object */;
			proxyType = 1;
			remoteGlobalIDString = 7E6B32EF29F915DB000AA189;
			remoteInfo = Demo_mvvm;
		};
/* End PBXContainerItemProxy section */

/* Begin PBXFileReference section */
		7E15155829FBF2630084DEC2 /* Loader.swift */ = {isa = PBXFileReference; fileEncoding = 4; lastKnownFileType = sourcecode.swift; path = Loader.swift; sourceTree = "<group>"; };
		7E15155929FBF2630084DEC2 /* StandardButton.swift */ = {isa = PBXFileReference; fileEncoding = 4; lastKnownFileType = sourcecode.swift; path = StandardButton.swift; sourceTree = "<group>"; };
		7E15155A29FBF2630084DEC2 /* StandardTextField.swift */ = {isa = PBXFileReference; fileEncoding = 4; lastKnownFileType = sourcecode.swift; path = StandardTextField.swift; sourceTree = "<group>"; };
		7E15155F29FBF2710084DEC2 /* ViewModifier+DefaultPadding.swift */ = {isa = PBXFileReference; fileEncoding = 4; lastKnownFileType = sourcecode.swift; path = "ViewModifier+DefaultPadding.swift"; sourceTree = "<group>"; };
		7E15156029FBF2710084DEC2 /* String+PhoneFormatter.swift */ = {isa = PBXFileReference; fileEncoding = 4; lastKnownFileType = sourcecode.swift; path = "String+PhoneFormatter.swift"; sourceTree = "<group>"; };
		7E15156429FBF2800084DEC2 /* TabBarView.swift */ = {isa = PBXFileReference; fileEncoding = 4; lastKnownFileType = sourcecode.swift; path = TabBarView.swift; sourceTree = "<group>"; };
		7E15156529FBF2800084DEC2 /* TabViewModel.swift */ = {isa = PBXFileReference; fileEncoding = 4; lastKnownFileType = sourcecode.swift; path = TabViewModel.swift; sourceTree = "<group>"; };
		7E15156A29FBF2BA0084DEC2 /* LoginViewModel.swift */ = {isa = PBXFileReference; fileEncoding = 4; lastKnownFileType = sourcecode.swift; path = LoginViewModel.swift; sourceTree = "<group>"; };
		7E15156C29FBF2BA0084DEC2 /* DefaultCredentials.swift */ = {isa = PBXFileReference; fileEncoding = 4; lastKnownFileType = sourcecode.swift; path = DefaultCredentials.swift; sourceTree = "<group>"; };
		7E15156D29FBF2BA0084DEC2 /* AlertModel.swift */ = {isa = PBXFileReference; fileEncoding = 4; lastKnownFileType = sourcecode.swift; path = AlertModel.swift; sourceTree = "<group>"; };
		7E15156E29FBF2BA0084DEC2 /* LoginScreen.swift */ = {isa = PBXFileReference; fileEncoding = 4; lastKnownFileType = sourcecode.swift; path = LoginScreen.swift; sourceTree = "<group>"; };
		7E15157529FBF4790084DEC2 /* LoadingState.swift */ = {isa = PBXFileReference; fileEncoding = 4; lastKnownFileType = sourcecode.swift; path = LoadingState.swift; sourceTree = "<group>"; };
		7E15157629FBF4790084DEC2 /* PersonalInfoModel.swift */ = {isa = PBXFileReference; fileEncoding = 4; lastKnownFileType = sourcecode.swift; path = PersonalInfoModel.swift; sourceTree = "<group>"; };
		7E15157929FBF4950084DEC2 /* ProfileScreen.swift */ = {isa = PBXFileReference; fileEncoding = 4; lastKnownFileType = sourcecode.swift; path = ProfileScreen.swift; sourceTree = "<group>"; };
		7E15157A29FBF4950084DEC2 /* ProfileViewModel.swift */ = {isa = PBXFileReference; fileEncoding = 4; lastKnownFileType = sourcecode.swift; path = ProfileViewModel.swift; sourceTree = "<group>"; };
		7E15157D29FBF5970084DEC2 /* Tab.swift */ = {isa = PBXFileReference; lastKnownFileType = sourcecode.swift; path = Tab.swift; sourceTree = "<group>"; };
		7E15158229FC36AF0084DEC2 /* ProfileService.swift */ = {isa = PBXFileReference; fileEncoding = 4; lastKnownFileType = sourcecode.swift; path = ProfileService.swift; sourceTree = "<group>"; };
		7E15158329FC36AF0084DEC2 /* ProfileResponseModel.swift */ = {isa = PBXFileReference; fileEncoding = 4; lastKnownFileType = sourcecode.swift; path = ProfileResponseModel.swift; sourceTree = "<group>"; };
		7E15158729FC4F360084DEC2 /* ConfirmationDialogModel.swift */ = {isa = PBXFileReference; lastKnownFileType = sourcecode.swift; path = ConfirmationDialogModel.swift; sourceTree = "<group>"; };
		7E1A16A02A0105A500ECBB1B /* Demo_mvvmTests.xctest */ = {isa = PBXFileReference; explicitFileType = wrapper.cfbundle; includeInIndex = 0; path = Demo_mvvmTests.xctest; sourceTree = BUILT_PRODUCTS_DIR; };
		7E1A16A22A0105A500ECBB1B /* LoginViewModelTests.swift */ = {isa = PBXFileReference; lastKnownFileType = sourcecode.swift; path = LoginViewModelTests.swift; sourceTree = "<group>"; };
		7E1A16E42A010F5900ECBB1B /* Demo_mvvm.xctestplan */ = {isa = PBXFileReference; lastKnownFileType = text; path = Demo_mvvm.xctestplan; sourceTree = "<group>"; };
		7E1A16E52A0110E300ECBB1B /* ProfileViewModelTests.swift */ = {isa = PBXFileReference; lastKnownFileType = sourcecode.swift; path = ProfileViewModelTests.swift; sourceTree = "<group>"; };
		7E6B32F029F915DB000AA189 /* Demo_mvvm.app */ = {isa = PBXFileReference; explicitFileType = wrapper.application; includeInIndex = 0; path = Demo_mvvm.app; sourceTree = BUILT_PRODUCTS_DIR; };
		7E6B32F329F915DB000AA189 /* Demo_mvvmApp.swift */ = {isa = PBXFileReference; lastKnownFileType = sourcecode.swift; path = Demo_mvvmApp.swift; sourceTree = "<group>"; };
		7E6B32F729F915DC000AA189 /* Assets.xcassets */ = {isa = PBXFileReference; lastKnownFileType = folder.assetcatalog; path = Assets.xcassets; sourceTree = "<group>"; };
		7E6B32FA29F915DC000AA189 /* Preview Assets.xcassets */ = {isa = PBXFileReference; lastKnownFileType = folder.assetcatalog; path = "Preview Assets.xcassets"; sourceTree = "<group>"; };
/* End PBXFileReference section */

/* Begin PBXFrameworksBuildPhase section */
		7E1A169D2A0105A500ECBB1B /* Frameworks */ = {
			isa = PBXFrameworksBuildPhase;
			buildActionMask = 2147483647;
			files = (
			);
			runOnlyForDeploymentPostprocessing = 0;
		};
		7E6B32ED29F915DB000AA189 /* Frameworks */ = {
			isa = PBXFrameworksBuildPhase;
			buildActionMask = 2147483647;
			files = (
			);
			runOnlyForDeploymentPostprocessing = 0;
		};
/* End PBXFrameworksBuildPhase section */

/* Begin PBXGroup section */
		7E15155729FBF2630084DEC2 /* UIKit */ = {
			isa = PBXGroup;
			children = (
				7E15155829FBF2630084DEC2 /* Loader.swift */,
				7E15155929FBF2630084DEC2 /* StandardButton.swift */,
				7E15155A29FBF2630084DEC2 /* StandardTextField.swift */,
			);
			path = UIKit;
			sourceTree = "<group>";
		};
		7E15155E29FBF2710084DEC2 /* Extensions */ = {
			isa = PBXGroup;
			children = (
				7E15155F29FBF2710084DEC2 /* ViewModifier+DefaultPadding.swift */,
				7E15156029FBF2710084DEC2 /* String+PhoneFormatter.swift */,
			);
			path = Extensions;
			sourceTree = "<group>";
		};
		7E15156329FBF2800084DEC2 /* TabView */ = {
			isa = PBXGroup;
			children = (
				7E15156429FBF2800084DEC2 /* TabBarView.swift */,
				7E15156529FBF2800084DEC2 /* TabViewModel.swift */,
				7E15157F29FBFFFC0084DEC2 /* Models */,
			);
			path = TabView;
			sourceTree = "<group>";
		};
		7E15156829FBF2840084DEC2 /* Modules */ = {
			isa = PBXGroup;
			children = (
				7E15158629FC4F140084DEC2 /* Common */,
				7E15156329FBF2800084DEC2 /* TabView */,
				7E15156929FBF2BA0084DEC2 /* Login */,
				7E15157329FBF4660084DEC2 /* Profile */,
			);
			path = Modules;
			sourceTree = "<group>";
		};
		7E15156929FBF2BA0084DEC2 /* Login */ = {
			isa = PBXGroup;
			children = (
				7E15156A29FBF2BA0084DEC2 /* LoginViewModel.swift */,
				7E15156E29FBF2BA0084DEC2 /* LoginScreen.swift */,
				7E15156B29FBF2BA0084DEC2 /* Models */,
			);
			path = Login;
			sourceTree = "<group>";
		};
		7E15156B29FBF2BA0084DEC2 /* Models */ = {
			isa = PBXGroup;
			children = (
				7E15156C29FBF2BA0084DEC2 /* DefaultCredentials.swift */,
			);
			path = Models;
			sourceTree = "<group>";
		};
		7E15157329FBF4660084DEC2 /* Profile */ = {
			isa = PBXGroup;
			children = (
				7E15157929FBF4950084DEC2 /* ProfileScreen.swift */,
				7E15157A29FBF4950084DEC2 /* ProfileViewModel.swift */,
				7E15157429FBF4790084DEC2 /* Models */,
			);
			path = Profile;
			sourceTree = "<group>";
		};
		7E15157429FBF4790084DEC2 /* Models */ = {
			isa = PBXGroup;
			children = (
				7E15157629FBF4790084DEC2 /* PersonalInfoModel.swift */,
			);
			path = Models;
			sourceTree = "<group>";
		};
		7E15157F29FBFFFC0084DEC2 /* Models */ = {
			isa = PBXGroup;
			children = (
				7E15157D29FBF5970084DEC2 /* Tab.swift */,
			);
			path = Models;
			sourceTree = "<group>";
		};
		7E15158029FC368E0084DEC2 /* Services */ = {
			isa = PBXGroup;
			children = (
				7E15158129FC369B0084DEC2 /* Profile */,
			);
			path = Services;
			sourceTree = "<group>";
		};
		7E15158129FC369B0084DEC2 /* Profile */ = {
			isa = PBXGroup;
			children = (
				7E15158329FC36AF0084DEC2 /* ProfileResponseModel.swift */,
				7E15158229FC36AF0084DEC2 /* ProfileService.swift */,
			);
			path = Profile;
			sourceTree = "<group>";
		};
		7E15158629FC4F140084DEC2 /* Common */ = {
			isa = PBXGroup;
			children = (
				7E15156D29FBF2BA0084DEC2 /* AlertModel.swift */,
				7E15158729FC4F360084DEC2 /* ConfirmationDialogModel.swift */,
				7E15157529FBF4790084DEC2 /* LoadingState.swift */,
			);
			path = Common;
			sourceTree = "<group>";
		};
		7E1A16A12A0105A500ECBB1B /* Demo_mvvmTests */ = {
			isa = PBXGroup;
			children = (
				7E1A16A22A0105A500ECBB1B /* LoginViewModelTests.swift */,
				7E1A16E52A0110E300ECBB1B /* ProfileViewModelTests.swift */,
			);
			path = Demo_mvvmTests;
			sourceTree = "<group>";
		};
		7E6B32E729F915DB000AA189 = {
			isa = PBXGroup;
			children = (
				7E1A16E42A010F5900ECBB1B /* Demo_mvvm.xctestplan */,
				7E6B32F229F915DB000AA189 /* Demo_mvvm */,
				7E1A16A12A0105A500ECBB1B /* Demo_mvvmTests */,
				7E6B32F129F915DB000AA189 /* Products */,
			);
			sourceTree = "<group>";
		};
		7E6B32F129F915DB000AA189 /* Products */ = {
			isa = PBXGroup;
			children = (
				7E6B32F029F915DB000AA189 /* Demo_mvvm.app */,
				7E1A16A02A0105A500ECBB1B /* Demo_mvvmTests.xctest */,
			);
			name = Products;
			sourceTree = "<group>";
		};
		7E6B32F229F915DB000AA189 /* Demo_mvvm */ = {
			isa = PBXGroup;
			children = (
				7E15155E29FBF2710084DEC2 /* Extensions */,
				7E15155729FBF2630084DEC2 /* UIKit */,
				7E15158029FC368E0084DEC2 /* Services */,
				7E6B32F329F915DB000AA189 /* Demo_mvvmApp.swift */,
				7E15156829FBF2840084DEC2 /* Modules */,
				7E6B32F729F915DC000AA189 /* Assets.xcassets */,
				7E6B32F929F915DC000AA189 /* Preview Content */,
			);
			path = Demo_mvvm;
			sourceTree = "<group>";
		};
		7E6B32F929F915DC000AA189 /* Preview Content */ = {
			isa = PBXGroup;
			children = (
				7E6B32FA29F915DC000AA189 /* Preview Assets.xcassets */,
			);
			path = "Preview Content";
			sourceTree = "<group>";
		};
/* End PBXGroup section */

/* Begin PBXNativeTarget section */
		7E1A169F2A0105A500ECBB1B /* Demo_mvvmTests */ = {
			isa = PBXNativeTarget;
			buildConfigurationList = 7E1A16A82A0105A500ECBB1B /* Build configuration list for PBXNativeTarget "Demo_mvvmTests" */;
			buildPhases = (
				7E1A169C2A0105A500ECBB1B /* Sources */,
				7E1A169D2A0105A500ECBB1B /* Frameworks */,
				7E1A169E2A0105A500ECBB1B /* Resources */,
			);
			buildRules = (
			);
			dependencies = (
				7E1A16A52A0105A500ECBB1B /* PBXTargetDependency */,
			);
			name = Demo_mvvmTests;
			productName = Demo_mvvmTests;
			productReference = 7E1A16A02A0105A500ECBB1B /* Demo_mvvmTests.xctest */;
			productType = "com.apple.product-type.bundle.unit-test";
		};
		7E6B32EF29F915DB000AA189 /* Demo_mvvm */ = {
			isa = PBXNativeTarget;
			buildConfigurationList = 7E6B32FE29F915DC000AA189 /* Build configuration list for PBXNativeTarget "Demo_mvvm" */;
			buildPhases = (
				7E6B32EC29F915DB000AA189 /* Sources */,
				7E6B32ED29F915DB000AA189 /* Frameworks */,
				7E6B32EE29F915DB000AA189 /* Resources */,
			);
			buildRules = (
			);
			dependencies = (
			);
			name = Demo_mvvm;
			productName = Demo_mvvm;
			productReference = 7E6B32F029F915DB000AA189 /* Demo_mvvm.app */;
			productType = "com.apple.product-type.application";
		};
/* End PBXNativeTarget section */

/* Begin PBXProject section */
		7E6B32E829F915DB000AA189 /* Project object */ = {
			isa = PBXProject;
			attributes = {
				BuildIndependentTargetsInParallel = 1;
				LastSwiftUpdateCheck = 1430;
				LastUpgradeCheck = 1430;
				TargetAttributes = {
					7E1A169F2A0105A500ECBB1B = {
						CreatedOnToolsVersion = 14.3;
						TestTargetID = 7E6B32EF29F915DB000AA189;
					};
					7E6B32EF29F915DB000AA189 = {
						CreatedOnToolsVersion = 14.3;
					};
				};
			};
			buildConfigurationList = 7E6B32EB29F915DB000AA189 /* Build configuration list for PBXProject "Demo_mvvm" */;
			compatibilityVersion = "Xcode 14.0";
			developmentRegion = en;
			hasScannedForEncodings = 0;
			knownRegions = (
				en,
				Base,
			);
			mainGroup = 7E6B32E729F915DB000AA189;
			productRefGroup = 7E6B32F129F915DB000AA189 /* Products */;
			projectDirPath = "";
			projectRoot = "";
			targets = (
				7E6B32EF29F915DB000AA189 /* Demo_mvvm */,
				7E1A169F2A0105A500ECBB1B /* Demo_mvvmTests */,
			);
		};
/* End PBXProject section */

/* Begin PBXResourcesBuildPhase section */
		7E1A169E2A0105A500ECBB1B /* Resources */ = {
			isa = PBXResourcesBuildPhase;
			buildActionMask = 2147483647;
			files = (
			);
			runOnlyForDeploymentPostprocessing = 0;
		};
		7E6B32EE29F915DB000AA189 /* Resources */ = {
			isa = PBXResourcesBuildPhase;
			buildActionMask = 2147483647;
			files = (
				7E6B32FB29F915DC000AA189 /* Preview Assets.xcassets in Resources */,
				7E6B32F829F915DC000AA189 /* Assets.xcassets in Resources */,
			);
			runOnlyForDeploymentPostprocessing = 0;
		};
/* End PBXResourcesBuildPhase section */

/* Begin PBXSourcesBuildPhase section */
		7E1A169C2A0105A500ECBB1B /* Sources */ = {
			isa = PBXSourcesBuildPhase;
			buildActionMask = 2147483647;
			files = (
				7E1A16E72A01112700ECBB1B /* ProfileViewModel.swift in Sources */,
				7E1A16E62A0110E300ECBB1B /* ProfileViewModelTests.swift in Sources */,
				7E1A16EB2A0115E900ECBB1B /* LoadingState.swift in Sources */,
				7E1A16EA2A01112F00ECBB1B /* ProfileService.swift in Sources */,
				7E1A16A92A0107F300ECBB1B /* LoginViewModel.swift in Sources */,
				7E1A16AA2A010A5200ECBB1B /* AlertModel.swift in Sources */,
				7E1A16AB2A010A5D00ECBB1B /* DefaultCredentials.swift in Sources */,
				7E1A16A32A0105A500ECBB1B /* LoginViewModelTests.swift in Sources */,
				7E1A16EC2A0115F600ECBB1B /* ConfirmationDialogModel.swift in Sources */,
				7E1A16E92A01112D00ECBB1B /* ProfileResponseModel.swift in Sources */,
				7E1A16ED2A01160F00ECBB1B /* String+PhoneFormatter.swift in Sources */,
				7E1A16E82A01112900ECBB1B /* PersonalInfoModel.swift in Sources */,
			);
			runOnlyForDeploymentPostprocessing = 0;
		};
		7E6B32EC29F915DB000AA189 /* Sources */ = {
			isa = PBXSourcesBuildPhase;
			buildActionMask = 2147483647;
			files = (
				7E15157029FBF2BA0084DEC2 /* DefaultCredentials.swift in Sources */,
				7E15157E29FBF5970084DEC2 /* Tab.swift in Sources */,
				7E15158529FC36AF0084DEC2 /* ProfileResponseModel.swift in Sources */,
				7E15156729FBF2800084DEC2 /* TabViewModel.swift in Sources */,
				7E15155C29FBF2630084DEC2 /* StandardButton.swift in Sources */,
				7E15156229FBF2710084DEC2 /* String+PhoneFormatter.swift in Sources */,
				7E15157B29FBF4950084DEC2 /* ProfileScreen.swift in Sources */,
				7E15156629FBF2800084DEC2 /* TabBarView.swift in Sources */,
				7E15157729FBF4790084DEC2 /* LoadingState.swift in Sources */,
				7E15157829FBF4790084DEC2 /* PersonalInfoModel.swift in Sources */,
				7E15157229FBF2BA0084DEC2 /* LoginScreen.swift in Sources */,
				7E15156129FBF2710084DEC2 /* ViewModifier+DefaultPadding.swift in Sources */,
				7E15158429FC36AF0084DEC2 /* ProfileService.swift in Sources */,
				7E6B32F429F915DB000AA189 /* Demo_mvvmApp.swift in Sources */,
				7E15155D29FBF2630084DEC2 /* StandardTextField.swift in Sources */,
				7E15155B29FBF2630084DEC2 /* Loader.swift in Sources */,
				7E15157129FBF2BA0084DEC2 /* AlertModel.swift in Sources */,
				7E15157C29FBF4950084DEC2 /* ProfileViewModel.swift in Sources */,
				7E15158829FC4F360084DEC2 /* ConfirmationDialogModel.swift in Sources */,
				7E15156F29FBF2BA0084DEC2 /* LoginViewModel.swift in Sources */,
			);
			runOnlyForDeploymentPostprocessing = 0;
		};
/* End PBXSourcesBuildPhase section */

/* Begin PBXTargetDependency section */
		7E1A16A52A0105A500ECBB1B /* PBXTargetDependency */ = {
			isa = PBXTargetDependency;
			target = 7E6B32EF29F915DB000AA189 /* Demo_mvvm */;
			targetProxy = 7E1A16A42A0105A500ECBB1B /* PBXContainerItemProxy */;
		};
/* End PBXTargetDependency section */

/* Begin XCBuildConfiguration section */
		7E1A16A62A0105A500ECBB1B /* Debug */ = {
			isa = XCBuildConfiguration;
			buildSettings = {
				BUNDLE_LOADER = "$(TEST_HOST)";
				CODE_SIGN_STYLE = Automatic;
				CURRENT_PROJECT_VERSION = 1;
				GENERATE_INFOPLIST_FILE = YES;
				MARKETING_VERSION = 1.0;
				PRODUCT_BUNDLE_IDENTIFIER = "Demo.Demo-mvvmTests";
				PRODUCT_NAME = "$(TARGET_NAME)";
				SWIFT_EMIT_LOC_STRINGS = NO;
				SWIFT_VERSION = 5.0;
				TARGETED_DEVICE_FAMILY = "1,2";
				TEST_HOST = "$(BUILT_PRODUCTS_DIR)/Demo_mvvm.app/$(BUNDLE_EXECUTABLE_FOLDER_PATH)/Demo_mvvm";
			};
			name = Debug;
		};
		7E1A16A72A0105A500ECBB1B /* Release */ = {
			isa = XCBuildConfiguration;
			buildSettings = {
				BUNDLE_LOADER = "$(TEST_HOST)";
				CODE_SIGN_STYLE = Automatic;
				CURRENT_PROJECT_VERSION = 1;
				GENERATE_INFOPLIST_FILE = YES;
				MARKETING_VERSION = 1.0;
				PRODUCT_BUNDLE_IDENTIFIER = "Demo.Demo-mvvmTests";
				PRODUCT_NAME = "$(TARGET_NAME)";
				SWIFT_EMIT_LOC_STRINGS = NO;
				SWIFT_VERSION = 5.0;
				TARGETED_DEVICE_FAMILY = "1,2";
				TEST_HOST = "$(BUILT_PRODUCTS_DIR)/Demo_mvvm.app/$(BUNDLE_EXECUTABLE_FOLDER_PATH)/Demo_mvvm";
			};
			name = Release;
		};
		7E6B32FC29F915DC000AA189 /* Debug */ = {
			isa = XCBuildConfiguration;
			buildSettings = {
				ALWAYS_SEARCH_USER_PATHS = NO;
				CLANG_ANALYZER_NONNULL = YES;
				CLANG_ANALYZER_NUMBER_OBJECT_CONVERSION = YES_AGGRESSIVE;
				CLANG_CXX_LANGUAGE_STANDARD = "gnu++20";
				CLANG_ENABLE_MODULES = YES;
				CLANG_ENABLE_OBJC_ARC = YES;
				CLANG_ENABLE_OBJC_WEAK = YES;
				CLANG_WARN_BLOCK_CAPTURE_AUTORELEASING = YES;
				CLANG_WARN_BOOL_CONVERSION = YES;
				CLANG_WARN_COMMA = YES;
				CLANG_WARN_CONSTANT_CONVERSION = YES;
				CLANG_WARN_DEPRECATED_OBJC_IMPLEMENTATIONS = YES;
				CLANG_WARN_DIRECT_OBJC_ISA_USAGE = YES_ERROR;
				CLANG_WARN_DOCUMENTATION_COMMENTS = YES;
				CLANG_WARN_EMPTY_BODY = YES;
				CLANG_WARN_ENUM_CONVERSION = YES;
				CLANG_WARN_INFINITE_RECURSION = YES;
				CLANG_WARN_INT_CONVERSION = YES;
				CLANG_WARN_NON_LITERAL_NULL_CONVERSION = YES;
				CLANG_WARN_OBJC_IMPLICIT_RETAIN_SELF = YES;
				CLANG_WARN_OBJC_LITERAL_CONVERSION = YES;
				CLANG_WARN_OBJC_ROOT_CLASS = YES_ERROR;
				CLANG_WARN_QUOTED_INCLUDE_IN_FRAMEWORK_HEADER = YES;
				CLANG_WARN_RANGE_LOOP_ANALYSIS = YES;
				CLANG_WARN_STRICT_PROTOTYPES = YES;
				CLANG_WARN_SUSPICIOUS_MOVE = YES;
				CLANG_WARN_UNGUARDED_AVAILABILITY = YES_AGGRESSIVE;
				CLANG_WARN_UNREACHABLE_CODE = YES;
				CLANG_WARN__DUPLICATE_METHOD_MATCH = YES;
				COPY_PHASE_STRIP = NO;
				DEBUG_INFORMATION_FORMAT = dwarf;
				ENABLE_STRICT_OBJC_MSGSEND = YES;
				ENABLE_TESTABILITY = YES;
				GCC_C_LANGUAGE_STANDARD = gnu11;
				GCC_DYNAMIC_NO_PIC = NO;
				GCC_NO_COMMON_BLOCKS = YES;
				GCC_OPTIMIZATION_LEVEL = 0;
				GCC_PREPROCESSOR_DEFINITIONS = (
					"DEBUG=1",
					"$(inherited)",
				);
				GCC_WARN_64_TO_32_BIT_CONVERSION = YES;
				GCC_WARN_ABOUT_RETURN_TYPE = YES_ERROR;
				GCC_WARN_UNDECLARED_SELECTOR = YES;
				GCC_WARN_UNINITIALIZED_AUTOS = YES_AGGRESSIVE;
				GCC_WARN_UNUSED_FUNCTION = YES;
				GCC_WARN_UNUSED_VARIABLE = YES;
				IPHONEOS_DEPLOYMENT_TARGET = 16.4;
				MTL_ENABLE_DEBUG_INFO = INCLUDE_SOURCE;
				MTL_FAST_MATH = YES;
				ONLY_ACTIVE_ARCH = YES;
				SDKROOT = iphoneos;
				SWIFT_ACTIVE_COMPILATION_CONDITIONS = DEBUG;
				SWIFT_OPTIMIZATION_LEVEL = "-Onone";
			};
			name = Debug;
		};
		7E6B32FD29F915DC000AA189 /* Release */ = {
			isa = XCBuildConfiguration;
			buildSettings = {
				ALWAYS_SEARCH_USER_PATHS = NO;
				CLANG_ANALYZER_NONNULL = YES;
				CLANG_ANALYZER_NUMBER_OBJECT_CONVERSION = YES_AGGRESSIVE;
				CLANG_CXX_LANGUAGE_STANDARD = "gnu++20";
				CLANG_ENABLE_MODULES = YES;
				CLANG_ENABLE_OBJC_ARC = YES;
				CLANG_ENABLE_OBJC_WEAK = YES;
				CLANG_WARN_BLOCK_CAPTURE_AUTORELEASING = YES;
				CLANG_WARN_BOOL_CONVERSION = YES;
				CLANG_WARN_COMMA = YES;
				CLANG_WARN_CONSTANT_CONVERSION = YES;
				CLANG_WARN_DEPRECATED_OBJC_IMPLEMENTATIONS = YES;
				CLANG_WARN_DIRECT_OBJC_ISA_USAGE = YES_ERROR;
				CLANG_WARN_DOCUMENTATION_COMMENTS = YES;
				CLANG_WARN_EMPTY_BODY = YES;
				CLANG_WARN_ENUM_CONVERSION = YES;
				CLANG_WARN_INFINITE_RECURSION = YES;
				CLANG_WARN_INT_CONVERSION = YES;
				CLANG_WARN_NON_LITERAL_NULL_CONVERSION = YES;
				CLANG_WARN_OBJC_IMPLICIT_RETAIN_SELF = YES;
				CLANG_WARN_OBJC_LITERAL_CONVERSION = YES;
				CLANG_WARN_OBJC_ROOT_CLASS = YES_ERROR;
				CLANG_WARN_QUOTED_INCLUDE_IN_FRAMEWORK_HEADER = YES;
				CLANG_WARN_RANGE_LOOP_ANALYSIS = YES;
				CLANG_WARN_STRICT_PROTOTYPES = YES;
				CLANG_WARN_SUSPICIOUS_MOVE = YES;
				CLANG_WARN_UNGUARDED_AVAILABILITY = YES_AGGRESSIVE;
				CLANG_WARN_UNREACHABLE_CODE = YES;
				CLANG_WARN__DUPLICATE_METHOD_MATCH = YES;
				COPY_PHASE_STRIP = NO;
				DEBUG_INFORMATION_FORMAT = "dwarf-with-dsym";
				ENABLE_NS_ASSERTIONS = NO;
				ENABLE_STRICT_OBJC_MSGSEND = YES;
				GCC_C_LANGUAGE_STANDARD = gnu11;
				GCC_NO_COMMON_BLOCKS = YES;
				GCC_WARN_64_TO_32_BIT_CONVERSION = YES;
				GCC_WARN_ABOUT_RETURN_TYPE = YES_ERROR;
				GCC_WARN_UNDECLARED_SELECTOR = YES;
				GCC_WARN_UNINITIALIZED_AUTOS = YES_AGGRESSIVE;
				GCC_WARN_UNUSED_FUNCTION = YES;
				GCC_WARN_UNUSED_VARIABLE = YES;
				IPHONEOS_DEPLOYMENT_TARGET = 16.4;
				MTL_ENABLE_DEBUG_INFO = NO;
				MTL_FAST_MATH = YES;
				SDKROOT = iphoneos;
				SWIFT_COMPILATION_MODE = wholemodule;
				SWIFT_OPTIMIZATION_LEVEL = "-O";
				VALIDATE_PRODUCT = YES;
			};
			name = Release;
		};
		7E6B32FF29F915DC000AA189 /* Debug */ = {
			isa = XCBuildConfiguration;
			buildSettings = {
				ASSETCATALOG_COMPILER_APPICON_NAME = AppIcon;
				ASSETCATALOG_COMPILER_GLOBAL_ACCENT_COLOR_NAME = AccentColor;
				CODE_SIGN_STYLE = Automatic;
				CURRENT_PROJECT_VERSION = 1;
				DEVELOPMENT_ASSET_PATHS = "\"Demo_mvvm/Preview Content\"";
				ENABLE_PREVIEWS = YES;
				GENERATE_INFOPLIST_FILE = YES;
				INFOPLIST_KEY_UIApplicationSceneManifest_Generation = YES;
				INFOPLIST_KEY_UIApplicationSupportsIndirectInputEvents = YES;
				INFOPLIST_KEY_UILaunchScreen_Generation = YES;
				INFOPLIST_KEY_UISupportedInterfaceOrientations_iPad = "UIInterfaceOrientationPortrait UIInterfaceOrientationPortraitUpsideDown UIInterfaceOrientationLandscapeLeft UIInterfaceOrientationLandscapeRight";
				INFOPLIST_KEY_UISupportedInterfaceOrientations_iPhone = "UIInterfaceOrientationPortrait UIInterfaceOrientationLandscapeLeft UIInterfaceOrientationLandscapeRight";
				LD_RUNPATH_SEARCH_PATHS = (
					"$(inherited)",
					"@executable_path/Frameworks",
				);
				MARKETING_VERSION = 1.0;
				PRODUCT_BUNDLE_IDENTIFIER = "Demo.Demo-mvvm";
				PRODUCT_NAME = "$(TARGET_NAME)";
				SWIFT_EMIT_LOC_STRINGS = YES;
				SWIFT_VERSION = 5.0;
				TARGETED_DEVICE_FAMILY = "1,2";
			};
			name = Debug;
		};
		7E6B330029F915DC000AA189 /* Release */ = {
			isa = XCBuildConfiguration;
			buildSettings = {
				ASSETCATALOG_COMPILER_APPICON_NAME = AppIcon;
				ASSETCATALOG_COMPILER_GLOBAL_ACCENT_COLOR_NAME = AccentColor;
				CODE_SIGN_STYLE = Automatic;
				CURRENT_PROJECT_VERSION = 1;
				DEVELOPMENT_ASSET_PATHS = "\"Demo_mvvm/Preview Content\"";
				ENABLE_PREVIEWS = YES;
				GENERATE_INFOPLIST_FILE = YES;
				INFOPLIST_KEY_UIApplicationSceneManifest_Generation = YES;
				INFOPLIST_KEY_UIApplicationSupportsIndirectInputEvents = YES;
				INFOPLIST_KEY_UILaunchScreen_Generation = YES;
				INFOPLIST_KEY_UISupportedInterfaceOrientations_iPad = "UIInterfaceOrientationPortrait UIInterfaceOrientationPortraitUpsideDown UIInterfaceOrientationLandscapeLeft UIInterfaceOrientationLandscapeRight";
				INFOPLIST_KEY_UISupportedInterfaceOrientations_iPhone = "UIInterfaceOrientationPortrait UIInterfaceOrientationLandscapeLeft UIInterfaceOrientationLandscapeRight";
				LD_RUNPATH_SEARCH_PATHS = (
					"$(inherited)",
					"@executable_path/Frameworks",
				);
				MARKETING_VERSION = 1.0;
				PRODUCT_BUNDLE_IDENTIFIER = "Demo.Demo-mvvm";
				PRODUCT_NAME = "$(TARGET_NAME)";
				SWIFT_EMIT_LOC_STRINGS = YES;
				SWIFT_VERSION = 5.0;
				TARGETED_DEVICE_FAMILY = "1,2";
			};
			name = Release;
		};
/* End XCBuildConfiguration section */

/* Begin XCConfigurationList section */
		7E1A16A82A0105A500ECBB1B /* Build configuration list for PBXNativeTarget "Demo_mvvmTests" */ = {
			isa = XCConfigurationList;
			buildConfigurations = (
				7E1A16A62A0105A500ECBB1B /* Debug */,
				7E1A16A72A0105A500ECBB1B /* Release */,
			);
			defaultConfigurationIsVisible = 0;
			defaultConfigurationName = Release;
		};
		7E6B32EB29F915DB000AA189 /* Build configuration list for PBXProject "Demo_mvvm" */ = {
			isa = XCConfigurationList;
			buildConfigurations = (
				7E6B32FC29F915DC000AA189 /* Debug */,
				7E6B32FD29F915DC000AA189 /* Release */,
			);
			defaultConfigurationIsVisible = 0;
			defaultConfigurationName = Release;
		};
		7E6B32FE29F915DC000AA189 /* Build configuration list for PBXNativeTarget "Demo_mvvm" */ = {
			isa = XCConfigurationList;
			buildConfigurations = (
				7E6B32FF29F915DC000AA189 /* Debug */,
				7E6B330029F915DC000AA189 /* Release */,
			);
			defaultConfigurationIsVisible = 0;
			defaultConfigurationName = Release;
		};
/* End XCConfigurationList section */
	};
	rootObject = 7E6B32E829F915DB000AA189 /* Project object */;
}
